
Microsoft Visual Studio Solution File, Format Version 12.00
# Visual Studio Version 16
VisualStudioVersion = 16.0.29709.97
MinimumVisualStudioVersion = 10.0.40219.1
Project("{FAE04EC0-301F-11D3-BF4B-00C04F79EFBC}") = "HelloWorld", "HelloWorld.csproj", "{B2AA78C7-D051-4621-A258-760D569222C7}"
EndProject
Global
	GlobalSection(SolutionConfigurationPlatforms) = preSolution
		Debug|Any CPU = Debug|Any CPU
		Release|Any CPU = Release|Any CPU
	EndGlobalSection
	GlobalSection(ProjectConfigurationPlatforms) = postSolution
		{B2AA78C7-D051-4621-A258-760D569222C7}.Debug|Any CPU.ActiveCfg = Debug|Any CPU
		{B2AA78C7-D051-4621-A258-760D569222C7}.Debug|Any CPU.Build.0 = Debug|Any CPU
		{B2AA78C7-D051-4621-A258-760D569222C7}.Release|Any CPU.ActiveCfg = Release|Any CPU
		{B2AA78C7-D051-4621-A258-760D569222C7}.Release|Any CPU.Build.0 = Release|Any CPU
	EndGlobalSection
	GlobalSection(SolutionProperties) = preSolution
		HideSolutionNode = FALSE
	EndGlobalSection
	GlobalSection(ExtensibilityGlobals) = postSolution
		SolutionGuid = {A844BBEE-CBE6-4364-8664-417B5A11AA06}
	EndGlobalSection
EndGlobal
